{
  "nodes": {
    "flake-utils": {
      "locked": {
        "lastModified": 1634851050,
        "narHash": "sha256-N83GlSGPJJdcqhUxSCS/WwW5pksYf3VP1M13cDRTSVA=",
        "owner": "numtide",
        "repo": "flake-utils",
        "rev": "c91f3de5adaf1de973b797ef7485e441a65b8935",
        "type": "github"
      },
      "original": {
        "owner": "numtide",
        "repo": "flake-utils",
        "type": "github"
      }
    },
    "hardware": {
      "inputs": {
        "nixos-hardware": "nixos-hardware"
      },
      "locked": {
        "narHash": "sha256-K5fBDf346vAreLCkyRfAr8b1gfN4NVkos3pFtPtyF2g=",
        "path": "hardware",
        "type": "path"
      },
      "original": {
        "path": "hardware",
        "type": "path"
      }
    },
    "home-manager": {
      "inputs": {
        "nixpkgs": [
          "nixpkgs"
        ]
      },
      "locked": {
        "lastModified": 1636520380,
        "narHash": "sha256-gBiQ8+AQG6Dia34rqJDuqs6VFe/J1SjIhOZBeTXCKQI=",
        "owner": "nix-community",
        "repo": "home-manager",
        "rev": "1e5c8e9bff00d0844bc3d25d1a98eab5633e600b",
        "type": "github"
      },
      "original": {
        "owner": "nix-community",
        "repo": "home-manager",
        "type": "github"
      }
    },
    "nixos-hardware": {
      "locked": {
        "lastModified": 1636317251,
        "narHash": "sha256-u1cWvvtGH5mfGkeIKrqw2usk4IL7wDiRcnJkUSiZq3Q=",
        "owner": "NixOS",
        "repo": "nixos-hardware",
        "rev": "fd6f34afcf062761fb5035230f6297752bfedcba",
        "type": "github"
      },
      "original": {
        "owner": "NixOS",
        "ref": "master",
        "repo": "nixos-hardware",
        "type": "github"
      }
    },
    "nixpkgs": {
      "locked": {
        "lastModified": 1636443933,
        "narHash": "sha256-ABJmNQdzFWWxaqkb0C0kd9f/MmUtmnQrxm9sZPhgm/s=",
        "owner": "NixOS",
        "repo": "nixpkgs",
        "rev": "9e70e9f732fbb15872cb4ea11bd43c14328a0b69",
        "type": "github"
      },
      "original": {
        "owner": "NixOS",
        "ref": "nixos-unstable",
        "repo": "nixpkgs",
        "type": "github"
      }
    },
    "nur": {
      "locked": {
        "lastModified": 1636665918,
        "narHash": "sha256-1GosgBKpiceGeLtv56JG3Kf+WhgbmuoSh3MNRTKCxKA=",
        "owner": "nix-community",
        "repo": "NUR",
        "rev": "d7afb586b902cd63ac9038e2422f7b6cd3c9d677",
        "type": "github"
      },
      "original": {
        "owner": "nix-community",
        "repo": "NUR",
        "type": "github"
      }
    },
    "root": {
      "inputs": {
        "flake-utils": "flake-utils",
        "hardware": "hardware",
        "home-manager": "home-manager",
        "nixpkgs": "nixpkgs",
        "nur": "nur",
        "users": "users"
      }
    },
    "users": {
      "inputs": {
        "home-manager": [
          "home-manager"
        ],
        "nixpkgs": [
          "nixpkgs"
        ],
        "nur": [
          "nur"
        ]
      },
      "locked": {
        "narHash": "sha256-18tLhKDPm0CvJzVCxgTD/K4GleKuDJ008e7H+9T9hsc=",
        "path": "users",
        "type": "path"
      },
      "original": {
        "path": "users",
        "type": "path"
      }
    }
  },
  "root": "root",
  "version": 7
}
